
Microsoft Visual Studio Solution File, Format Version 12.00
# Visual Studio Version 17
VisualStudioVersion = 17.7.34009.444
MinimumVisualStudioVersion = 10.0.40219.1
Project("{FAE04EC0-301F-11D3-BF4B-00C04F79EFBC}") = "MovieCollection", "MovieCollection\MovieCollection.csproj", "{B1594AEC-1767-496A-9EB1-EEB24C84F2B4}"
EndProject
Global
	GlobalSection(SolutionConfigurationPlatforms) = preSolution
		Debug|Any CPU = Debug|Any CPU
		Release|Any CPU = Release|Any CPU
	EndGlobalSection
	GlobalSection(ProjectConfigurationPlatforms) = postSolution
		{B1594AEC-1767-496A-9EB1-EEB24C84F2B4}.Debug|Any CPU.ActiveCfg = Debug|Any CPU
		{B1594AEC-1767-496A-9EB1-EEB24C84F2B4}.Debug|Any CPU.Build.0 = Debug|Any CPU
		{B1594AEC-1767-496A-9EB1-EEB24C84F2B4}.Release|Any CPU.ActiveCfg = Release|Any CPU
		{B1594AEC-1767-496A-9EB1-EEB24C84F2B4}.Release|Any CPU.Build.0 = Release|Any CPU
	EndGlobalSection
	GlobalSection(SolutionProperties) = preSolution
		HideSolutionNode = FALSE
	EndGlobalSection
	GlobalSection(ExtensibilityGlobals) = postSolution
		SolutionGuid = {F2FC2E05-4802-4421-B09E-397D573B8E18}
	EndGlobalSection
EndGlobal
